
Microsoft Visual Studio Solution File, Format Version 12.00
# Visual Studio 15
Project("{FAE04EC0-301F-11D3-BF4B-00C04F79EFBC}") = "Assembly-CSharp-firstpass", "Assembly-CSharp-firstpass.csproj", "{A11649DF-DEE4-6CE2-F7AC-6434057D8538}"
EndProject
Project("{FAE04EC0-301F-11D3-BF4B-00C04F79EFBC}") = "Assembly-CSharp", "Assembly-CSharp.csproj", "{D135E33D-BBBB-4AE2-88F6-3E90E0832603}"
EndProject
Project("{FAE04EC0-301F-11D3-BF4B-00C04F79EFBC}") = "Assembly-CSharp-Editor-firstpass", "Assembly-CSharp-Editor-firstpass.csproj", "{B4EDA242-25EF-337B-471E-3245A40A7A17}"
EndProject
Global
	GlobalSection(SolutionConfigurationPlatforms) = preSolution
		Debug|Any CPU = Debug|Any CPU
		Release|Any CPU = Release|Any CPU
	EndGlobalSection
	GlobalSection(ProjectConfigurationPlatforms) = postSolution
		{A11649DF-DEE4-6CE2-F7AC-6434057D8538}.Debug|Any CPU.ActiveCfg = Debug|Any CPU
		{A11649DF-DEE4-6CE2-F7AC-6434057D8538}.Debug|Any CPU.Build.0 = Debug|Any CPU
		{A11649DF-DEE4-6CE2-F7AC-6434057D8538}.Release|Any CPU.ActiveCfg = Release|Any CPU
		{A11649DF-DEE4-6CE2-F7AC-6434057D8538}.Release|Any CPU.Build.0 = Release|Any CPU
		{D135E33D-BBBB-4AE2-88F6-3E90E0832603}.Debug|Any CPU.ActiveCfg = Debug|Any CPU
		{D135E33D-BBBB-4AE2-88F6-3E90E0832603}.Debug|Any CPU.Build.0 = Debug|Any CPU
		{D135E33D-BBBB-4AE2-88F6-3E90E0832603}.Release|Any CPU.ActiveCfg = Release|Any CPU
		{D135E33D-BBBB-4AE2-88F6-3E90E0832603}.Release|Any CPU.Build.0 = Release|Any CPU
		{B4EDA242-25EF-337B-471E-3245A40A7A17}.Debug|Any CPU.ActiveCfg = Debug|Any CPU
		{B4EDA242-25EF-337B-471E-3245A40A7A17}.Debug|Any CPU.Build.0 = Debug|Any CPU
		{B4EDA242-25EF-337B-471E-3245A40A7A17}.Release|Any CPU.ActiveCfg = Release|Any CPU
		{B4EDA242-25EF-337B-471E-3245A40A7A17}.Release|Any CPU.Build.0 = Release|Any CPU
	EndGlobalSection
	GlobalSection(SolutionProperties) = preSolution
		HideSolutionNode = FALSE
	EndGlobalSection
EndGlobal
